
Microsoft Visual Studio Solution File, Format Version 12.00
# Visual Studio Version 17
VisualStudioVersion = 17.11.35312.102
MinimumVisualStudioVersion = 10.0.40219.1
Project("{8BC9CEB8-8B4A-11D0-8D11-00A0C91BC942}") = "3", "3\3.vcxproj", "{3B4E7185-DD8C-4DBE-B61B-895F4ADC6940}"
EndProject
Global
	GlobalSection(SolutionConfigurationPlatforms) = preSolution
		Debug|x64 = Debug|x64
		Debug|x86 = Debug|x86
		Release|x64 = Release|x64
		Release|x86 = Release|x86
	EndGlobalSection
	GlobalSection(ProjectConfigurationPlatforms) = postSolution
		{3B4E7185-DD8C-4DBE-B61B-895F4ADC6940}.Debug|x64.ActiveCfg = Debug|x64
		{3B4E7185-DD8C-4DBE-B61B-895F4ADC6940}.Debug|x64.Build.0 = Debug|x64
		{3B4E7185-DD8C-4DBE-B61B-895F4ADC6940}.Debug|x86.ActiveCfg = Debug|Win32
		{3B4E7185-DD8C-4DBE-B61B-895F4ADC6940}.Debug|x86.Build.0 = Debug|Win32
		{3B4E7185-DD8C-4DBE-B61B-895F4ADC6940}.Release|x64.ActiveCfg = Release|x64
		{3B4E7185-DD8C-4DBE-B61B-895F4ADC6940}.Release|x64.Build.0 = Release|x64
		{3B4E7185-DD8C-4DBE-B61B-895F4ADC6940}.Release|x86.ActiveCfg = Release|Win32
		{3B4E7185-DD8C-4DBE-B61B-895F4ADC6940}.Release|x86.Build.0 = Release|Win32
	EndGlobalSection
	GlobalSection(SolutionProperties) = preSolution
		HideSolutionNode = FALSE
	EndGlobalSection
	GlobalSection(ExtensibilityGlobals) = postSolution
		SolutionGuid = {58FDF896-D952-48D1-B8D9-902AD6615241}
	EndGlobalSection
EndGlobal
